<Project xmlns="http://schemas.microsoft.com/developer/msbuild/2003">
    <PropertyGroup>
        <ProjectGuid>{AA47247E-6E7B-4A22-8740-FB9041C2F93B}</ProjectGuid>
        <MainSource>Compil32.dpr</MainSource>
        <Base>True</Base>
        <Config Condition="'$(Config)'==''">Debug</Config>
        <TargetedPlatforms>1</TargetedPlatforms>
        <AppType>Application</AppType>
        <FrameworkType>VCL</FrameworkType>
        <ProjectVersion>19.5</ProjectVersion>
        <Platform Condition="'$(Platform)'==''">Win32</Platform>
    </PropertyGroup>
    <PropertyGroup Condition="'$(Config)'=='Base' or '$(Base)'!=''">
        <Base>true</Base>
    </PropertyGroup>
    <PropertyGroup Condition="('$(Platform)'=='Win32' and '$(Base)'=='true') or '$(Base_Win32)'!=''">
        <Base_Win32>true</Base_Win32>
        <CfgParent>Base</CfgParent>
        <Base>true</Base>
    </PropertyGroup>
    <PropertyGroup Condition="'$(Config)'=='Release' or '$(Cfg_1)'!=''">
        <Cfg_1>true</Cfg_1>
        <CfgParent>Base</CfgParent>
        <Base>true</Base>
    </PropertyGroup>
    <PropertyGroup Condition="'$(Config)'=='Debug' or '$(Cfg_2)'!=''">
        <Cfg_2>true</Cfg_2>
        <CfgParent>Base</CfgParent>
        <Base>true</Base>
    </PropertyGroup>
    <PropertyGroup Condition="'$(Base)'!=''">
        <DCC_ImageBase>00400000</DCC_ImageBase>
        <DCC_AssertionsAtRuntime>false</DCC_AssertionsAtRuntime>
        <DCC_DebugInformation>1</DCC_DebugInformation>
        <DCC_SymbolReferenceInfo>1</DCC_SymbolReferenceInfo>
        <DCC_UnitSearchPath>..\Components\UniPs\Source;$(DCC_UnitSearchPath)</DCC_UnitSearchPath>
        <DCC_UsePackage>VCL30;vclx30;VclSmp30;vcldb30;vcldbx30;$(DCC_UsePackage)</DCC_UsePackage>
        <DCC_Define>COMPIL32PROJ;PS_MINIVCL;PS_NOGRAPHCONST;PS_PANSICHAR;PS_NOINTERFACEGUIDBRACKETS;$(DCC_Define)</DCC_Define>
        <SanitizedProjectName>Compil32</SanitizedProjectName>
        <VerInfo_IncludeVerInfo>true</VerInfo_IncludeVerInfo>
        <VerInfo_MajorVer>0</VerInfo_MajorVer>
        <VerInfo_Locale>1033</VerInfo_Locale>
        <VerInfo_Keys>CompanyName=Jordan Russell;FileDescription=Inno Setup Compiler;FileVersion=0.0.0.0;InternalName=;LegalCopyright=Copyright (C) 1997-2008 Jordan Russell. Portions Copyright (C) 2000-2008 Martijn Laan.;LegalTrademarks=;OriginalFilename=;ProductName=Inno Setup;ProductVersion=0.0.0.0;Comments=Inno Setup home page: http://www.innosetup.com</VerInfo_Keys>
        <DCC_Namespace>Vcl;Vcl.Imaging;Vcl.Touch;Vcl.Samples;Vcl.Shell;System;Xml;Data;Datasnap;Web;Soap;$(DCC_Namespace)</DCC_Namespace>
        <DCC_SYMBOL_DEPRECATED>false</DCC_SYMBOL_DEPRECATED>
        <DCC_SYMBOL_PLATFORM>false</DCC_SYMBOL_PLATFORM>
        <DCC_UNSAFE_CAST>false</DCC_UNSAFE_CAST>
        <DCC_EXPLICIT_STRING_CAST>false</DCC_EXPLICIT_STRING_CAST>
        <DCC_EXPLICIT_STRING_CAST_LOSS>false</DCC_EXPLICIT_STRING_CAST_LOSS>
        <DCC_IMPLICIT_INTEGER_CAST_LOSS>false</DCC_IMPLICIT_INTEGER_CAST_LOSS>
        <DCC_IMPLICIT_CONVERSION_LOSS>false</DCC_IMPLICIT_CONVERSION_LOSS>
        <DCC_DcuOutput>Dcu\$(MainSource)</DCC_DcuOutput>
    </PropertyGroup>
    <PropertyGroup Condition="'$(Base_Win32)'!=''">
        <DCC_Namespace>Winapi;System.Win;Data.Win;Datasnap.Win;Web.Win;Soap.Win;Xml.Win;Bde;$(DCC_Namespace)</DCC_Namespace>
        <BT_BuildType>Debug</BT_BuildType>
        <VerInfo_IncludeVerInfo>true</VerInfo_IncludeVerInfo>
        <VerInfo_Keys>CompanyName=;FileDescription=$(MSBuildProjectName);FileVersion=1.0.0.0;InternalName=;LegalCopyright=;LegalTrademarks=;OriginalFilename=;ProductName=$(MSBuildProjectName);ProductVersion=1.0.0.0;Comments=;ProgramID=com.embarcadero.$(MSBuildProjectName)</VerInfo_Keys>
        <VerInfo_Locale>1033</VerInfo_Locale>
        <Manifest_File>(None)</Manifest_File>
    </PropertyGroup>
    <PropertyGroup Condition="'$(Cfg_1)'!=''">
        <DCC_Define>RELEASE;$(DCC_Define)</DCC_Define>
        <DCC_DebugInformation>0</DCC_DebugInformation>
        <DCC_LocalDebugSymbols>false</DCC_LocalDebugSymbols>
        <DCC_ExeOutput>..\Files</DCC_ExeOutput>
    </PropertyGroup>
    <PropertyGroup Condition="'$(Cfg_2)'!=''">
        <DCC_Define>DEBUG;$(DCC_Define)</DCC_Define>
        <DCC_Optimize>false</DCC_Optimize>
        <DCC_GenerateStackFrames>true</DCC_GenerateStackFrames>
        <DCC_ExeOutput>Bin</DCC_ExeOutput>
        <Debugger_RunParams>Debug.iss</Debugger_RunParams>
    </PropertyGroup>
    <ItemGroup>
        <DelphiCompile Include="$(MainSource)">
            <MainSource>MainSource</MainSource>
        </DelphiCompile>
        <DCCReference Include="Src\SafeDLLPath.pas"/>
        <DCCReference Include="..\Components\PathFunc.pas"/>
        <DCCReference Include="Src\Compil32\CompForm.pas">
            <Form>CompileForm</Form>
        </DCCReference>
        <DCCReference Include="Src\CmnFunc.pas"/>
        <DCCReference Include="Src\CmnFunc2.pas"/>
        <DCCReference Include="Src\Compil32\CompFunc.pas"/>
        <DCCReference Include="Src\Compil32\CompMsgs2.pas"/>
        <DCCReference Include="Src\CompInt.pas"/>
        <DCCReference Include="Src\Compil32\CompOptions.pas">
            <Form>OptionsForm</Form>
        </DCCReference>
        <DCCReference Include="Src\Compil32\CompStartup.pas">
            <Form>StartupForm</Form>
        </DCCReference>
        <DCCReference Include="Src\Compil32\CompWizard.pas">
            <Form>WizardForm</Form>
        </DCCReference>
        <DCCReference Include="Src\Compil32\CompWizardFile.pas">
            <Form>WizardFileForm</Form>
        </DCCReference>
        <DCCReference Include="Src\Compil32\CompFileAssoc.pas"/>
        <DCCReference Include="..\Components\TmSchema.pas"/>
        <DCCReference Include="..\Components\NewUxTheme.pas"/>
        <DCCReference Include="Src\DebugStruct.pas"/>
        <DCCReference Include="Src\BrowseFunc.pas"/>
        <DCCReference Include="Src\Compil32\CompSignTools.pas">
            <Form>SignToolsForm</Form>
        </DCCReference>
        <DCCReference Include="Src\Compil32\CompInputQueryCombo.pas"/>
        <DCCReference Include="..\Components\ScintInt.pas"/>
        <DCCReference Include="..\Components\ScintEdit.pas"/>
        <DCCReference Include="Src\Compil32\ScintStylerInnoSetup.pas"/>
        <DCCReference Include="..\Components\ModernColors.pas"/>
        <DCCReference Include="Src\Compil32\CompMsgBoxDesigner.pas">
            <Form>MsgBoxDesignerForm</Form>
        </DCCReference>
        <DCCReference Include="Src\Compil32\CompScintEdit.pas"/>
        <DCCReference Include="Src\Compil32\CompFilesDesigner.pas">
            <Form>FilesDesignerForm</Form>
        </DCCReference>
        <DCCReference Include="Src\Compil32\CompWizardFilesHelper.pas"/>
        <DCCReference Include="..\Components\NewTabSet.pas"/>
        <DCCReference Include="..\Components\NewStaticText.pas"/>
        <DCCReference Include="..\Components\BidiUtils.pas"/>
        <DCCReference Include="..\Components\DropListBox.pas"/>
        <DCCReference Include="..\Components\NewCheckListBox.pas"/>
        <DCCReference Include="..\Components\NewNotebook.pas"/>
        <DCCReference Include="Src\TaskbarProgressFunc.pas"/>
        <DCCReference Include="Src\Compil32\HtmlHelpFunc.pas"/>
        <DCCReference Include="Src\UIStateForm.pas"/>
        <DCCReference Include="Src\LangOptionsSectionDirectives.pas"/>
        <DCCReference Include="Src\MsgIDs.pas"/>
        <DCCReference Include="Src\SetupSectionDirectives.pas"/>
        <DCCReference Include="Src\CompTypes.pas"/>
        <DCCReference Include="Src\FileClass.pas"/>
        <DCCReference Include="Src\Int64Em.pas"/>
        <DCCReference Include="Src\Compress.pas"/>
        <DCCReference Include="Src\TaskDialog.pas"/>
        <DCCReference Include="Src\Compil32\CompRegistryDesigner.pas">
            <Form>RegistryDesignerForm</Form>
        </DCCReference>
        <DCCReference Include="Src\Compil32\CompWizardRegistryHelper.pas"/>
        <DCCReference Include="..\Components\MD5.pas"/>
        <DCCReference Include="Src\Compil32\IsscintInt.pas"/>
        <DCCReference Include="Src\ScriptFunc.pas"/>
        <DCCReference Include="Src\SetupTypes.pas"/>
        <DCCReference Include="Src\Struct.pas"/>
        <DCCReference Include="..\Components\SHA1.pas"/>
        <DCCReference Include="Src\DotNetVersion.pas"/>
        <BuildConfiguration Include="Base">
            <Key>Base</Key>
        </BuildConfiguration>
        <BuildConfiguration Include="Release">
            <Key>Cfg_1</Key>
            <CfgParent>Base</CfgParent>
        </BuildConfiguration>
        <BuildConfiguration Include="Debug">
            <Key>Cfg_2</Key>
            <CfgParent>Base</CfgParent>
        </BuildConfiguration>
    </ItemGroup>
    <ProjectExtensions>
        <Borland.Personality>Delphi.Personality.12</Borland.Personality>
        <Borland.ProjectType/>
        <BorlandProject>
            <Delphi.Personality>
                <Source>
                    <Source Name="MainSource">Compil32.dpr</Source>
                </Source>
            </Delphi.Personality>
            <Platforms>
                <Platform value="Win32">True</Platform>
                <Platform value="Win64">False</Platform>
            </Platforms>
        </BorlandProject>
        <ProjectFileVersion>12</ProjectFileVersion>
    </ProjectExtensions>
    <Import Project="$(BDS)\Bin\CodeGear.Delphi.Targets" Condition="Exists('$(BDS)\Bin\CodeGear.Delphi.Targets')"/>
    <Import Project="$(APPDATA)\Embarcadero\$(BDSAPPDATABASEDIR)\$(PRODUCTVERSION)\UserTools.proj" Condition="Exists('$(APPDATA)\Embarcadero\$(BDSAPPDATABASEDIR)\$(PRODUCTVERSION)\UserTools.proj')"/>
</Project>
