	<Project xmlns="http://schemas.microsoft.com/developer/msbuild/2003">
		<PropertyGroup>
			<ProjectGuid>{5CA27EB0-9FB6-4726-A2D3-300D0F97F1C3}</ProjectGuid>
			<MainSource>ISCmplr.dpr</MainSource>
			<Config Condition="'$(Config)'==''">Debug</Config>
			<DCC_DCCCompiler>DCC32</DCC_DCCCompiler>
			<ProjectVersion>12.0</ProjectVersion>
		</PropertyGroup>
		<PropertyGroup Condition="'$(Config)'=='Base' or '$(Base)'!=''">
			<Base>true</Base>
		</PropertyGroup>
		<PropertyGroup Condition="'$(Config)'=='Release' or '$(Cfg_1)'!=''">
			<Cfg_1>true</Cfg_1>
			<CfgParent>Base</CfgParent>
			<Base>true</Base>
		</PropertyGroup>
		<PropertyGroup Condition="'$(Config)'=='Debug' or '$(Cfg_2)'!=''">
			<Cfg_2>true</Cfg_2>
			<CfgParent>Base</CfgParent>
			<Base>true</Base>
		</PropertyGroup>
		<PropertyGroup Condition="'$(Base)'!=''">
			<DCC_DependencyCheckOutputName>ISCmplr.dll</DCC_DependencyCheckOutputName>
			<DCC_UnitSearchPath>..\components;..\components\unips\source;$(DCC_UnitSearchPath)</DCC_UnitSearchPath>
			<DCC_UsePackage>VCL30;vclx30;VclSmp30;vcldb30;vcldbx30</DCC_UsePackage>
			<DCC_ImageBase>00800000</DCC_ImageBase>
			<DCC_UnitAlias>WinTypes=Windows;WinProcs=Windows;DbiTypes=BDE;DbiProcs=BDE;DbiErrs=BDE;$(DCC_UnitAlias)</DCC_UnitAlias>
			<DCC_Alignment>1</DCC_Alignment>
			<DCC_Define>PS_MINIVCL;PS_NOINT64;PS_NOGRAPHCONST;PS_PANSICHAR;PS_NOINTERFACEGUIDBRACKETS;$(DCC_Define)</DCC_Define>
			<DCC_Platform>x86</DCC_Platform>
			<DCC_WriteableConstants>true</DCC_WriteableConstants>
			<DCC_N>true</DCC_N>
			<DCC_K>false</DCC_K>
			<GenDll>true</GenDll>
			<DCC_S>false</DCC_S>
			<DCC_AssertionsAtRuntime>false</DCC_AssertionsAtRuntime>
			<DCC_SymbolReferenceInfo>1</DCC_SymbolReferenceInfo>
			<DCC_F>false</DCC_F>
			<DCC_E>false</DCC_E>
		</PropertyGroup>
		<PropertyGroup Condition="'$(Cfg_1)'!=''">
			<DCC_LocalDebugSymbols>false</DCC_LocalDebugSymbols>
			<DCC_Define>RELEASE;$(DCC_Define)</DCC_Define>
			<DCC_SymbolReferenceInfo>0</DCC_SymbolReferenceInfo>
			<DCC_DebugInformation>false</DCC_DebugInformation>
		</PropertyGroup>
		<PropertyGroup Condition="'$(Cfg_2)'!=''">
			<DCC_Define>DEBUG;$(DCC_Define)</DCC_Define>
		</PropertyGroup>
		<ItemGroup>
			<DelphiCompile Include="ISCmplr.dpr">
				<MainSource>MainSource</MainSource>
			</DelphiCompile>
			<DCCReference Include="CompInt.pas"/>
			<DCCReference Include="Compile.pas"/>
			<DCCReference Include="CompMsgs.pas"/>
			<DCCReference Include="Struct.pas"/>
			<DCCReference Include="ScriptFunc.pas"/>
			<DCCReference Include="ScriptFunc_C.pas"/>
			<DCCReference Include="ScriptCompiler.pas"/>
			<DCCReference Include="ScriptClasses_C.pas"/>
			<DCCReference Include="ResUpdate.pas"/>
			<DCCReference Include="CompResUpdate.pas"/>
			<DCCReference Include="Compress.pas"/>
			<DCCReference Include="CompressZlib.pas"/>
			<DCCReference Include="bzlib.pas"/>
			<DCCReference Include="LZMA.pas"/>
			<DCCReference Include="FileClass.pas"/>
			<DCCReference Include="ArcFour.pas"/>
			<DCCReference Include="VerInfo.pas"/>
			<BuildConfiguration Include="Base">
				<Key>Base</Key>
			</BuildConfiguration>
			<BuildConfiguration Include="Debug">
				<Key>Cfg_2</Key>
				<CfgParent>Base</CfgParent>
			</BuildConfiguration>
			<BuildConfiguration Include="Release">
				<Key>Cfg_1</Key>
				<CfgParent>Base</CfgParent>
			</BuildConfiguration>
		</ItemGroup>
		<Import Project="$(BDS)\Bin\CodeGear.Delphi.Targets" Condition="Exists('$(BDS)\Bin\CodeGear.Delphi.Targets')"/>
		<ProjectExtensions>
			<Borland.Personality>Delphi.Personality.12</Borland.Personality>
			<Borland.ProjectType>VCLApplication</Borland.ProjectType>
			<BorlandProject>
				<Delphi.Personality>
					<Source>
						<Source Name="MainSource">ISCmplr.dpr</Source>
					</Source>
					<Parameters>
						<Parameters Name="UseLauncher">False</Parameters>
						<Parameters Name="LoadAllSymbols">True</Parameters>
						<Parameters Name="LoadUnspecifiedSymbols">False</Parameters>
						<Parameters Name="HostApplication">D:\Coding\pyrSys\Is\Projects\Compil32.exe</Parameters>
					</Parameters>
					<VersionInfo>
						<VersionInfo Name="IncludeVerInfo">True</VersionInfo>
						<VersionInfo Name="AutoIncBuild">False</VersionInfo>
						<VersionInfo Name="MajorVer">0</VersionInfo>
						<VersionInfo Name="MinorVer">0</VersionInfo>
						<VersionInfo Name="Release">0</VersionInfo>
						<VersionInfo Name="Build">0</VersionInfo>
						<VersionInfo Name="Debug">False</VersionInfo>
						<VersionInfo Name="PreRelease">False</VersionInfo>
						<VersionInfo Name="Special">False</VersionInfo>
						<VersionInfo Name="Private">False</VersionInfo>
						<VersionInfo Name="DLL">False</VersionInfo>
						<VersionInfo Name="Locale">1033</VersionInfo>
						<VersionInfo Name="CodePage">1252</VersionInfo>
					</VersionInfo>
					<VersionInfoKeys>
						<VersionInfoKeys Name="CompanyName">Jordan Russell</VersionInfoKeys>
						<VersionInfoKeys Name="FileDescription">Inno Setup Compiler</VersionInfoKeys>
						<VersionInfoKeys Name="FileVersion">0.0.0.0</VersionInfoKeys>
						<VersionInfoKeys Name="InternalName"/>
						<VersionInfoKeys Name="LegalCopyright">Copyright (C) 1997-2008 Jordan Russell. Portions Copyright (C) 2000-2008 Martijn Laan.</VersionInfoKeys>
						<VersionInfoKeys Name="LegalTrademarks"/>
						<VersionInfoKeys Name="OriginalFilename"/>
						<VersionInfoKeys Name="ProductName">Inno Setup</VersionInfoKeys>
						<VersionInfoKeys Name="ProductVersion">0.0.0.0</VersionInfoKeys>
						<VersionInfoKeys Name="Comments">Inno Setup home page: http://www.innosetup.com</VersionInfoKeys>
					</VersionInfoKeys>
				</Delphi.Personality>
			</BorlandProject>
			<ProjectFileVersion>12</ProjectFileVersion>
		</ProjectExtensions>
	</Project>
