<Project xmlns="http://schemas.microsoft.com/developer/msbuild/2003">
    <PropertyGroup>
        <ProjectGuid>{7BEFDB9E-3F9B-4206-BAC1-B332E573D3F8}</ProjectGuid>
        <MainSource>ISPP.dpr</MainSource>
        <Base>True</Base>
        <Config Condition="'$(Config)'==''">Debug</Config>
        <TargetedPlatforms>1</TargetedPlatforms>
        <AppType>Library</AppType>
        <FrameworkType>None</FrameworkType>
        <ProjectVersion>19.5</ProjectVersion>
        <Platform Condition="'$(Platform)'==''">Win32</Platform>
    </PropertyGroup>
    <PropertyGroup Condition="'$(Config)'=='Base' or '$(Base)'!=''">
        <Base>true</Base>
    </PropertyGroup>
    <PropertyGroup Condition="('$(Platform)'=='Win32' and '$(Base)'=='true') or '$(Base_Win32)'!=''">
        <Base_Win32>true</Base_Win32>
        <CfgParent>Base</CfgParent>
        <Base>true</Base>
    </PropertyGroup>
    <PropertyGroup Condition="'$(Config)'=='Release' or '$(Cfg_1)'!=''">
        <Cfg_1>true</Cfg_1>
        <CfgParent>Base</CfgParent>
        <Base>true</Base>
    </PropertyGroup>
    <PropertyGroup Condition="'$(Config)'=='Debug' or '$(Cfg_2)'!=''">
        <Cfg_2>true</Cfg_2>
        <CfgParent>Base</CfgParent>
        <Base>true</Base>
    </PropertyGroup>
    <PropertyGroup Condition="'$(Base)'!=''">
        <DCC_ImageBase>01800000</DCC_ImageBase>
        <DCC_DebugInformation>1</DCC_DebugInformation>
        <DCC_SymbolReferenceInfo>1</DCC_SymbolReferenceInfo>
        <DCC_UsePackage>vcl;rtl;vclx;indy;inet;xmlrtl;vclie;inetdbbde;inetdbxpress;dbrtl;dsnap;dsnapcon;vcldb;soaprtl;VclSmp;dbexpress;dbxcds;inetdb;bdertl;vcldbx;webdsnap;websnap;adortl;ibxpress;teeui;teedb;tee;dss;visualclx;visualdbclx;vclactnband;vclshlctrls;IntrawebDB_50_70;Intraweb_50_70;Rave50CLX;Rave50VCL;dclOfficeXP;$(DCC_UsePackage)</DCC_UsePackage>
        <GenDll>true</GenDll>
        <SanitizedProjectName>ISPP</SanitizedProjectName>
        <VerInfo_IncludeVerInfo>true</VerInfo_IncludeVerInfo>
        <VerInfo_MajorVer>0</VerInfo_MajorVer>
        <VerInfo_DLL>true</VerInfo_DLL>
        <VerInfo_Locale>1033</VerInfo_Locale>
        <VerInfo_Keys>CompanyName=Jordan Russell;FileDescription=Inno Setup Preprocessor;FileVersion=0.0.0.0;InternalName=;LegalCopyright=Copyright (C) 1997-2010 Jordan Russell. Portions Copyright (C) 2000-2010 Martijn Laan. Copyright © 2001-2004 Alex Yackimoff.;LegalTrademarks=;OriginalFilename=;ProductName=Inno Setup;ProductVersion=0.0.0.0;Comments=Inno Setup home page: http://www.innosetup.com</VerInfo_Keys>
        <DCC_Namespace>System;System.Win;Winapi;$(DCC_Namespace)</DCC_Namespace>
        <DCC_SYMBOL_DEPRECATED>false</DCC_SYMBOL_DEPRECATED>
        <DCC_SYMBOL_PLATFORM>false</DCC_SYMBOL_PLATFORM>
        <DCC_UNSAFE_CAST>false</DCC_UNSAFE_CAST>
        <DCC_EXPLICIT_STRING_CAST>false</DCC_EXPLICIT_STRING_CAST>
        <DCC_EXPLICIT_STRING_CAST_LOSS>false</DCC_EXPLICIT_STRING_CAST_LOSS>
        <DCC_IMPLICIT_INTEGER_CAST_LOSS>false</DCC_IMPLICIT_INTEGER_CAST_LOSS>
        <DCC_IMPLICIT_CONVERSION_LOSS>false</DCC_IMPLICIT_CONVERSION_LOSS>
        <DCC_DcuOutput>Dcu\$(MainSource)</DCC_DcuOutput>
    </PropertyGroup>
    <PropertyGroup Condition="'$(Base_Win32)'!=''">
        <BT_BuildType>Debug</BT_BuildType>
        <VerInfo_IncludeVerInfo>true</VerInfo_IncludeVerInfo>
        <VerInfo_Keys>CompanyName=;FileDescription=$(MSBuildProjectName);FileVersion=1.0.0.0;InternalName=;LegalCopyright=;LegalTrademarks=;OriginalFilename=;ProductName=$(MSBuildProjectName);ProductVersion=1.0.0.0;Comments=;ProgramID=com.embarcadero.$(MSBuildProjectName)</VerInfo_Keys>
        <VerInfo_Locale>1033</VerInfo_Locale>
    </PropertyGroup>
    <PropertyGroup Condition="'$(Cfg_1)'!=''">
        <DCC_Define>RELEASE;$(DCC_Define)</DCC_Define>
        <DCC_DebugInformation>0</DCC_DebugInformation>
        <DCC_LocalDebugSymbols>false</DCC_LocalDebugSymbols>
        <DCC_SymbolReferenceInfo>0</DCC_SymbolReferenceInfo>
        <DCC_ExeOutput>..\Files</DCC_ExeOutput>
    </PropertyGroup>
    <PropertyGroup Condition="'$(Cfg_2)'!=''">
        <DCC_Define>DEBUG;$(DCC_Define)</DCC_Define>
        <DCC_Optimize>false</DCC_Optimize>
        <DCC_GenerateStackFrames>true</DCC_GenerateStackFrames>
        <DCC_ExeOutput>Bin</DCC_ExeOutput>
        <Debugger_HostApplication>Bin\Compil32.exe</Debugger_HostApplication>
        <Debugger_RunParams>Debug.iss</Debugger_RunParams>
    </PropertyGroup>
    <ItemGroup>
        <DelphiCompile Include="$(MainSource)">
            <MainSource>MainSource</MainSource>
        </DelphiCompile>
        <DCCReference Include="Src\Shared.PreprocInt.pas"/>
        <DCCReference Include="Src\ISPP.Preprocess.pas"/>
        <DCCReference Include="Src\ISPP.Preprocessor.pas"/>
        <DCCReference Include="Src\ISPP.Funcs.pas"/>
        <DCCReference Include="Src\ISPP.VarUtils.pas"/>
        <DCCReference Include="Src\ISPP.Consts.pas"/>
        <DCCReference Include="Src\ISPP.Stack.pas"/>
        <DCCReference Include="Src\ISPP.Intf.pas"/>
        <DCCReference Include="Src\ISPP.Parser.pas"/>
        <DCCReference Include="Src\ISPP.IdentMan.pas"/>
        <DCCReference Include="Src\ISPP.Sessions.pas"/>
        <DCCReference Include="Src\ISPP.CTokenizer.pas"/>
        <DCCReference Include="Src\ISPP.Base.pas"/>
        <DCCReference Include="..\Components\PathFunc.pas"/>
        <DCCReference Include="Src\Shared.CommonFunc.pas"/>
        <DCCReference Include="Src\Shared.FileClass.pas"/>
        <DCCReference Include="Src\Shared.Int64Em.pas"/>
        <DCCReference Include="..\Components\MD5.pas"/>
        <DCCReference Include="..\Components\SHA1.pas"/>
        <DCCReference Include="..\Components\SHA256.pas"/>
        <DCCReference Include="Src\Shared.Struct.pas"/>
        <BuildConfiguration Include="Base">
            <Key>Base</Key>
        </BuildConfiguration>
        <BuildConfiguration Include="Release">
            <Key>Cfg_1</Key>
            <CfgParent>Base</CfgParent>
        </BuildConfiguration>
        <BuildConfiguration Include="Debug">
            <Key>Cfg_2</Key>
            <CfgParent>Base</CfgParent>
        </BuildConfiguration>
    </ItemGroup>
    <ProjectExtensions>
        <Borland.Personality>Delphi.Personality.12</Borland.Personality>
        <Borland.ProjectType/>
        <BorlandProject>
            <Delphi.Personality>
                <Source>
                    <Source Name="MainSource">ISPP.dpr</Source>
                </Source>
            </Delphi.Personality>
            <Platforms>
                <Platform value="Win32">True</Platform>
                <Platform value="Win64">False</Platform>
            </Platforms>
        </BorlandProject>
        <ProjectFileVersion>12</ProjectFileVersion>
    </ProjectExtensions>
    <Import Project="$(BDS)\Bin\CodeGear.Delphi.Targets" Condition="Exists('$(BDS)\Bin\CodeGear.Delphi.Targets')"/>
    <Import Project="$(APPDATA)\Embarcadero\$(BDSAPPDATABASEDIR)\$(PRODUCTVERSION)\UserTools.proj" Condition="Exists('$(APPDATA)\Embarcadero\$(BDSAPPDATABASEDIR)\$(PRODUCTVERSION)\UserTools.proj')"/>
</Project>
