<Project xmlns="http://schemas.microsoft.com/developer/msbuild/2003">
    <PropertyGroup>
        <ProjectGuid>{4259E59E-2263-4FE8-8E6C-BFCBC7A6C66D}</ProjectGuid>
        <MainSource>SetupLdr.dpr</MainSource>
        <Base>True</Base>
        <Config Condition="'$(Config)'==''">Debug</Config>
        <TargetedPlatforms>1</TargetedPlatforms>
        <AppType>Application</AppType>
        <FrameworkType>None</FrameworkType>
        <ProjectVersion>19.5</ProjectVersion>
        <Platform Condition="'$(Platform)'==''">Win32</Platform>
    </PropertyGroup>
    <PropertyGroup Condition="'$(Config)'=='Base' or '$(Base)'!=''">
        <Base>true</Base>
    </PropertyGroup>
    <PropertyGroup Condition="('$(Platform)'=='Win32' and '$(Base)'=='true') or '$(Base_Win32)'!=''">
        <Base_Win32>true</Base_Win32>
        <CfgParent>Base</CfgParent>
        <Base>true</Base>
    </PropertyGroup>
    <PropertyGroup Condition="'$(Config)'=='Release' or '$(Cfg_1)'!=''">
        <Cfg_1>true</Cfg_1>
        <CfgParent>Base</CfgParent>
        <Base>true</Base>
    </PropertyGroup>
    <PropertyGroup Condition="'$(Config)'=='Debug' or '$(Cfg_2)'!=''">
        <Cfg_2>true</Cfg_2>
        <CfgParent>Base</CfgParent>
        <Base>true</Base>
    </PropertyGroup>
    <PropertyGroup Condition="'$(Base)'!=''">
        <DCC_ImageBase>00400000</DCC_ImageBase>
        <DCC_AssertionsAtRuntime>false</DCC_AssertionsAtRuntime>
        <DCC_DebugInformation>1</DCC_DebugInformation>
        <DCC_SymbolReferenceInfo>1</DCC_SymbolReferenceInfo>
        <SanitizedProjectName>SetupLdr</SanitizedProjectName>
        <VerInfo_Locale>1043</VerInfo_Locale>
        <VerInfo_Keys>CompanyName=;FileDescription=;FileVersion=1.0.0.0;InternalName=;LegalCopyright=;LegalTrademarks=;OriginalFilename=;ProductName=;ProductVersion=1.0.0.0;Comments=;CFBundleName=</VerInfo_Keys>
        <DCC_Namespace>System;System.Win;Winapi;$(DCC_Namespace)</DCC_Namespace>
        <DCC_SYMBOL_DEPRECATED>false</DCC_SYMBOL_DEPRECATED>
        <DCC_SYMBOL_PLATFORM>false</DCC_SYMBOL_PLATFORM>
        <DCC_UNSAFE_CAST>false</DCC_UNSAFE_CAST>
        <DCC_EXPLICIT_STRING_CAST>false</DCC_EXPLICIT_STRING_CAST>
        <DCC_EXPLICIT_STRING_CAST_LOSS>false</DCC_EXPLICIT_STRING_CAST_LOSS>
        <DCC_IMPLICIT_INTEGER_CAST_LOSS>false</DCC_IMPLICIT_INTEGER_CAST_LOSS>
        <DCC_IMPLICIT_CONVERSION_LOSS>false</DCC_IMPLICIT_CONVERSION_LOSS>
        <DCC_DcuOutput>Dcu\$(MainSource)</DCC_DcuOutput>
        <DCC_Define>SETUPLDRPROJ;$(DCC_Define)</DCC_Define>
    </PropertyGroup>
    <PropertyGroup Condition="'$(Base_Win32)'!=''">
        <BT_BuildType>Debug</BT_BuildType>
        <VerInfo_Keys>CompanyName=;FileDescription=$(MSBuildProjectName);FileVersion=1.0.0.0;InternalName=;LegalCopyright=;LegalTrademarks=;OriginalFilename=;ProductName=$(MSBuildProjectName);ProductVersion=1.0.0.0;Comments=;ProgramID=com.embarcadero.$(MSBuildProjectName)</VerInfo_Keys>
        <VerInfo_Locale>1033</VerInfo_Locale>
        <Manifest_File>(None)</Manifest_File>
        <OutputExt>e32</OutputExt>
    </PropertyGroup>
    <PropertyGroup Condition="'$(Cfg_1)'!=''">
        <DCC_Define>RELEASE;$(DCC_Define)</DCC_Define>
        <DCC_DebugInformation>0</DCC_DebugInformation>
        <DCC_LocalDebugSymbols>false</DCC_LocalDebugSymbols>
        <DCC_ExeOutput>..\Files</DCC_ExeOutput>
    </PropertyGroup>
    <PropertyGroup Condition="'$(Cfg_2)'!=''">
        <DCC_Define>DEBUG;$(DCC_Define)</DCC_Define>
        <DCC_Optimize>false</DCC_Optimize>
        <DCC_GenerateStackFrames>true</DCC_GenerateStackFrames>
        <DCC_ExeOutput>Bin</DCC_ExeOutput>
    </PropertyGroup>
    <ItemGroup>
        <DelphiCompile Include="$(MainSource)">
            <MainSource>MainSource</MainSource>
        </DelphiCompile>
        <DCCReference Include="..\Components\SafeDLLPath.pas"/>
        <DCCReference Include="Src\SetupLdrAndSetup.XPTheme.pas"/>
        <DCCReference Include="Src\Compression.Base.pas"/>
        <DCCReference Include="Src\Compression.LZMA1SmallDecompressor.pas"/>
        <DCCReference Include="Src\Shared.SetupEntFunc.pas"/>
        <DCCReference Include="..\Components\PathFunc.pas"/>
        <DCCReference Include="Src\Shared.CommonFunc.pas"/>
        <DCCReference Include="Src\SetupLdrAndSetup.Messages.pas"/>
        <DCCReference Include="Src\Shared.SetupMessageIDs.pas"/>
        <DCCReference Include="Src\Shared.Struct.pas"/>
        <DCCReference Include="Src\SetupLdrAndSetup.InstFunc.pas"/>
        <DCCReference Include="Src\Shared.FileClass.pas"/>
        <DCCReference Include="Src\Shared.Int64Em.pas"/>
        <DCCReference Include="..\Components\SHA256.pas"/>
        <DCCReference Include="Src\SetupLdrAndSetup.RedirFunc.pas"/>
        <DCCReference Include="Src\Shared.VerInfoFunc.pas"/>
        <BuildConfiguration Include="Base">
            <Key>Base</Key>
        </BuildConfiguration>
        <BuildConfiguration Include="Release">
            <Key>Cfg_1</Key>
            <CfgParent>Base</CfgParent>
        </BuildConfiguration>
        <BuildConfiguration Include="Debug">
            <Key>Cfg_2</Key>
            <CfgParent>Base</CfgParent>
        </BuildConfiguration>
    </ItemGroup>
    <ProjectExtensions>
        <Borland.Personality>Delphi.Personality.12</Borland.Personality>
        <Borland.ProjectType/>
        <BorlandProject>
            <Delphi.Personality>
                <Source>
                    <Source Name="MainSource">SetupLdr.dpr</Source>
                </Source>
            </Delphi.Personality>
            <Platforms>
                <Platform value="Win32">True</Platform>
                <Platform value="Win64">False</Platform>
            </Platforms>
        </BorlandProject>
        <ProjectFileVersion>12</ProjectFileVersion>
    </ProjectExtensions>
    <Import Project="$(BDS)\Bin\CodeGear.Delphi.Targets" Condition="Exists('$(BDS)\Bin\CodeGear.Delphi.Targets')"/>
    <Import Project="$(APPDATA)\Embarcadero\$(BDSAPPDATABASEDIR)\$(PRODUCTVERSION)\UserTools.proj" Condition="Exists('$(APPDATA)\Embarcadero\$(BDSAPPDATABASEDIR)\$(PRODUCTVERSION)\UserTools.proj')"/>
</Project>
