	<Project xmlns="http://schemas.microsoft.com/developer/msbuild/2003">
		<PropertyGroup>
			<ProjectGuid>{FD254B03-7073-488D-990E-F96D4339E0C4}</ProjectGuid>
			<MainSource>Setup.dpr</MainSource>
			<Config Condition="'$(Config)'==''">Debug</Config>
			<DCC_DCCCompiler>DCC32</DCC_DCCCompiler>
			<ProjectVersion>12.0</ProjectVersion>
		</PropertyGroup>
		<PropertyGroup Condition="'$(Config)'=='Base' or '$(Base)'!=''">
			<Base>true</Base>
		</PropertyGroup>
		<PropertyGroup Condition="'$(Config)'=='Release' or '$(Cfg_1)'!=''">
			<Cfg_1>true</Cfg_1>
			<CfgParent>Base</CfgParent>
			<Base>true</Base>
		</PropertyGroup>
		<PropertyGroup Condition="'$(Config)'=='Debug' or '$(Cfg_2)'!=''">
			<Cfg_2>true</Cfg_2>
			<CfgParent>Base</CfgParent>
			<Base>true</Base>
		</PropertyGroup>
		<PropertyGroup Condition="'$(Base)'!=''">
			<DCC_UnitSearchPath>..\components;..\components\rops\source;$(DCC_UnitSearchPath)</DCC_UnitSearchPath>
			<DCC_DependencyCheckOutputName>Setup.exe</DCC_DependencyCheckOutputName>
			<DCC_ImageBase>00400000</DCC_ImageBase>
			<DCC_Define>PS_MINIVCL;PS_NOGRAPHCONST;PS_PANSICHAR;PS_NOINTERFACEGUIDBRACKETS;$(DCC_Define)</DCC_Define>
			<DCC_Alignment>1</DCC_Alignment>
			<DCC_UnitAlias>WinTypes=Windows;WinProcs=Windows;DbiTypes=BDE;DbiProcs=BDE;DbiErrs=BDE;$(DCC_UnitAlias)</DCC_UnitAlias>
			<DCC_Platform>x86</DCC_Platform>
			<DCC_WriteableConstants>true</DCC_WriteableConstants>
			<DCC_K>false</DCC_K>
			<DCC_N>true</DCC_N>
			<DCC_S>false</DCC_S>
			<DCC_F>false</DCC_F>
			<DCC_SymbolReferenceInfo>0</DCC_SymbolReferenceInfo>
			<DCC_AssertionsAtRuntime>false</DCC_AssertionsAtRuntime>
			<DCC_E>false</DCC_E>
		</PropertyGroup>
		<PropertyGroup Condition="'$(Cfg_1)'!=''">
			<DCC_Define>RELEASE;$(DCC_Define)</DCC_Define>
			<DCC_LocalDebugSymbols>false</DCC_LocalDebugSymbols>
			<DCC_DebugInformation>false</DCC_DebugInformation>
		</PropertyGroup>
		<PropertyGroup Condition="'$(Cfg_2)'!=''">
			<DCC_Define>DEBUG;$(DCC_Define)</DCC_Define>
		</PropertyGroup>
		<ItemGroup>
			<DelphiCompile Include="Setup.dpr">
				<MainSource>MainSource</MainSource>
			</DelphiCompile>
			<DCCReference Include="SafeDLLPath.pas"/>
			<DCCReference Include="XPTheme.pas"/>
			<DCCReference Include="D2009Win2kFix.pas"/>
			<DCCReference Include="CmnFunc.pas"/>
			<DCCReference Include="CmnFunc2.pas"/>
			<DCCReference Include="Main.pas">
				<Form>MainForm</Form>
			</DCCReference>
			<DCCReference Include="Install.pas"/>
			<DCCReference Include="Msgs.pas"/>
			<DCCReference Include="MsgIDs.pas"/>
			<DCCReference Include="Undo.pas"/>
			<DCCReference Include="Struct.pas"/>
			<DCCReference Include="NewDisk.pas">
				<Form>NewDiskForm</Form>
			</DCCReference>
			<DCCReference Include="InstFunc.pas"/>
			<DCCReference Include="InstFnc2.pas"/>
			<DCCReference Include="Wizard.pas">
				<Form>WizardForm</Form>
			</DCCReference>
			<DCCReference Include="ScriptFunc_R.pas"/>
			<DCCReference Include="ScriptFunc.pas"/>
			<DCCReference Include="SetupTypes.pas"/>
			<DCCReference Include="ScriptRunner.pas"/>
			<DCCReference Include="ScriptDlg.pas"/>
			<DCCReference Include="ScriptClasses_R.pas"/>
			<DCCReference Include="SelLangForm.pas">
				<Form>SelectLanguageForm</Form>
			</DCCReference>
			<DCCReference Include="Extract.pas"/>
			<DCCReference Include="Int64Em.pas"/>
			<DCCReference Include="SelFolderForm.pas">
				<Form>SelectFolderForm</Form>
			</DCCReference>
			<DCCReference Include="Compress.pas"/>
			<DCCReference Include="CompressZlib.pas"/>
			<DCCReference Include="bzlib.pas"/>
			<DCCReference Include="LZMADecomp.pas"/>
			<DCCReference Include="FileClass.pas"/>
			<DCCReference Include="MD5.pas"/>
			<DCCReference Include="SHA1.pas"/>
			<DCCReference Include="Logging.pas"/>
			<DCCReference Include="DebugClient.pas"/>
			<DCCReference Include="DebugStruct.pas"/>
			<DCCReference Include="ArcFour.pas"/>
			<DCCReference Include="Uninstall.pas"/>
			<DCCReference Include="UninstProgressForm.pas">
				<Form>UninstProgressForm</Form>
			</DCCReference>
			<DCCReference Include="UninstSharedFileForm.pas">
				<Form>UninstSharedFileForm</Form>
			</DCCReference>
			<DCCReference Include="SimpleExpression.pas"/>
			<DCCReference Include="UIStateForm.pas"/>
			<DCCReference Include="SetupForm.pas"/>
			<DCCReference Include="RegSvr.pas"/>
			<DCCReference Include="BrowseFunc.pas"/>
			<DCCReference Include="RedirFunc.pas"/>
			<DCCReference Include="SecurityFunc.pas"/>
			<DCCReference Include="Helper.pas"/>
			<DCCReference Include="VerInfo.pas"/>
			<DCCReference Include="RegDLL.pas"/>
			<DCCReference Include="ResUpdate.pas"/>
			<DCCReference Include="SpawnCommon.pas"/>
			<DCCReference Include="SpawnServer.pas"/>
			<DCCReference Include="SpawnClient.pas"/>
			<DCCReference Include="Download.pas"/>
			<DCCReference Include="DownloadForm.pas"/>
			<BuildConfiguration Include="Base">
				<Key>Base</Key>
			</BuildConfiguration>
			<BuildConfiguration Include="Debug">
				<Key>Cfg_2</Key>
				<CfgParent>Base</CfgParent>
			</BuildConfiguration>
			<BuildConfiguration Include="Release">
				<Key>Cfg_1</Key>
				<CfgParent>Base</CfgParent>
			</BuildConfiguration>
		</ItemGroup>
		<Import Project="$(BDS)\Bin\CodeGear.Delphi.Targets" Condition="Exists('$(BDS)\Bin\CodeGear.Delphi.Targets')"/>
		<ProjectExtensions>
			<Borland.Personality>Delphi.Personality.12</Borland.Personality>
			<Borland.ProjectType>VCLApplication</Borland.ProjectType>
			<BorlandProject>
				<Delphi.Personality>
					<Source>
						<Source Name="MainSource">Setup.dpr</Source>
					</Source>
					<Parameters>
						<Parameters Name="UseLauncher">False</Parameters>
						<Parameters Name="LoadAllSymbols">True</Parameters>
						<Parameters Name="LoadUnspecifiedSymbols">False</Parameters>
					</Parameters>
					<VersionInfo>
						<VersionInfo Name="IncludeVerInfo">False</VersionInfo>
						<VersionInfo Name="AutoIncBuild">False</VersionInfo>
						<VersionInfo Name="MajorVer">1</VersionInfo>
						<VersionInfo Name="MinorVer">0</VersionInfo>
						<VersionInfo Name="Release">0</VersionInfo>
						<VersionInfo Name="Build">0</VersionInfo>
						<VersionInfo Name="Debug">False</VersionInfo>
						<VersionInfo Name="PreRelease">False</VersionInfo>
						<VersionInfo Name="Special">False</VersionInfo>
						<VersionInfo Name="Private">False</VersionInfo>
						<VersionInfo Name="DLL">False</VersionInfo>
						<VersionInfo Name="Locale">1043</VersionInfo>
						<VersionInfo Name="CodePage">1252</VersionInfo>
					</VersionInfo>
					<VersionInfoKeys>
						<VersionInfoKeys Name="CompanyName"/>
						<VersionInfoKeys Name="FileDescription"/>
						<VersionInfoKeys Name="FileVersion">1.0.0.0</VersionInfoKeys>
						<VersionInfoKeys Name="InternalName"/>
						<VersionInfoKeys Name="LegalCopyright"/>
						<VersionInfoKeys Name="LegalTrademarks"/>
						<VersionInfoKeys Name="OriginalFilename"/>
						<VersionInfoKeys Name="ProductName"/>
						<VersionInfoKeys Name="ProductVersion">1.0.0.0</VersionInfoKeys>
						<VersionInfoKeys Name="Comments"/>
					</VersionInfoKeys>
				</Delphi.Personality>
			</BorlandProject>
			<ProjectFileVersion>12</ProjectFileVersion>
		</ProjectExtensions>
	</Project>
