<?xml version="1.0" encoding="utf-8"?>
<Project ToolsVersion="4.0" xmlns="http://schemas.microsoft.com/developer/msbuild/2003">
  <ItemGroup>
    <Filter Include="SDK">
      <UniqueIdentifier>{0e1d5792-191a-491f-8ce6-a6b46bd91db5}</UniqueIdentifier>
    </Filter>
  </ItemGroup>
  <ItemGroup>
    <ClCompile Include="..\..\..\..\Components\Lzma2\Alloc.c">
      <Filter>SDK</Filter>
    </ClCompile>
    <ClCompile Include="..\..\..\..\Components\Lzma2\LzFind.c">
      <Filter>SDK</Filter>
    </ClCompile>
    <ClCompile Include="..\..\..\..\Components\Lzma2\LzFindMt.c">
      <Filter>SDK</Filter>
    </ClCompile>
    <ClCompile Include="..\..\..\..\Components\Lzma2\Lzma2Enc.c">
      <Filter>SDK</Filter>
    </ClCompile>
    <ClCompile Include="..\..\..\..\Components\Lzma2\LzmaEnc.c">
      <Filter>SDK</Filter>
    </ClCompile>
    <ClCompile Include="..\..\..\..\Components\Lzma2\MtCoder.c">
      <Filter>SDK</Filter>
    </ClCompile>
    <ClCompile Include="..\..\..\..\Components\Lzma2\Threads.c">
      <Filter>SDK</Filter>
    </ClCompile>
    <ClCompile Include="islzma.c" />
    <ClCompile Include="islzma_exe.c" />
  </ItemGroup>
  <ItemGroup>
    <ClInclude Include="..\..\..\..\Components\Lzma2\Alloc.h">
      <Filter>SDK</Filter>
    </ClInclude>
    <ClInclude Include="..\..\..\..\Components\Lzma2\LzFind.h">
      <Filter>SDK</Filter>
    </ClInclude>
    <ClInclude Include="..\..\..\..\Components\Lzma2\LzFindMt.h">
      <Filter>SDK</Filter>
    </ClInclude>
    <ClInclude Include="..\..\..\..\Components\Lzma2\LzHash.h">
      <Filter>SDK</Filter>
    </ClInclude>
    <ClInclude Include="..\..\..\..\Components\Lzma2\Lzma2Enc.h">
      <Filter>SDK</Filter>
    </ClInclude>
    <ClInclude Include="..\..\..\..\Components\Lzma2\LzmaEnc.h">
      <Filter>SDK</Filter>
    </ClInclude>
    <ClInclude Include="..\..\..\..\Components\Lzma2\MtCoder.h">
      <Filter>SDK</Filter>
    </ClInclude>
    <ClInclude Include="..\..\..\..\Components\Lzma2\Threads.h">
      <Filter>SDK</Filter>
    </ClInclude>
    <ClInclude Include="..\..\..\..\Components\Lzma2\Types.h">
      <Filter>SDK</Filter>
    </ClInclude>
    <ClInclude Include="islzma.h" />
  </ItemGroup>
</Project>